
Microsoft Visual Studio Solution File, Format Version 12.00
# Visual Studio 2012
Project("{FAE04EC0-301F-11D3-BF4B-00C04F79EFBC}") = "SSPRClient", "SSPRClient\SSPRClient.csproj", "{C236B01B-3DB6-4CA8-8745-685A3FEF9FEF}"
EndProject
Project("{FAE04EC0-301F-11D3-BF4B-00C04F79EFBC}") = "SSPRClient-Tests", "SSPRClient-Tests\SSPRClient-Tests.csproj", "{4576737C-EE38-4436-8191-5F690DEBA185}"
EndProject
Global
	GlobalSection(SolutionConfigurationPlatforms) = preSolution
		Debug|Any CPU = Debug|Any CPU
		Release|Any CPU = Release|Any CPU
	EndGlobalSection
	GlobalSection(ProjectConfigurationPlatforms) = postSolution
		{C236B01B-3DB6-4CA8-8745-685A3FEF9FEF}.Debug|Any CPU.ActiveCfg = Debug|Any CPU
		{C236B01B-3DB6-4CA8-8745-685A3FEF9FEF}.Debug|Any CPU.Build.0 = Debug|Any CPU
		{C236B01B-3DB6-4CA8-8745-685A3FEF9FEF}.Release|Any CPU.ActiveCfg = Release|Any CPU
		{C236B01B-3DB6-4CA8-8745-685A3FEF9FEF}.Release|Any CPU.Build.0 = Release|Any CPU
		{4576737C-EE38-4436-8191-5F690DEBA185}.Debug|Any CPU.ActiveCfg = Debug|Any CPU
		{4576737C-EE38-4436-8191-5F690DEBA185}.Debug|Any CPU.Build.0 = Debug|Any CPU
		{4576737C-EE38-4436-8191-5F690DEBA185}.Release|Any CPU.ActiveCfg = Release|Any CPU
		{4576737C-EE38-4436-8191-5F690DEBA185}.Release|Any CPU.Build.0 = Release|Any CPU
	EndGlobalSection
	GlobalSection(SolutionProperties) = preSolution
		HideSolutionNode = FALSE
	EndGlobalSection
EndGlobal
